
Microsoft Visual Studio Solution File, Format Version 12.00
# Visual Studio Version 17
VisualStudioVersion = 17.14.36121.58 d17.14
MinimumVisualStudioVersion = 10.0.40219.1
Project("{FAE04EC0-301F-11D3-BF4B-00C04F79EFBC}") = "ControleContatos", "ControleContatos\ControleContatos.csproj", "{8F9036BE-92AD-4348-B2E1-70F6A8486DA5}"
EndProject
Global
	GlobalSection(SolutionConfigurationPlatforms) = preSolution
		Debug|Any CPU = Debug|Any CPU
		Release|Any CPU = Release|Any CPU
	EndGlobalSection
	GlobalSection(ProjectConfigurationPlatforms) = postSolution
		{8F9036BE-92AD-4348-B2E1-70F6A8486DA5}.Debug|Any CPU.ActiveCfg = Debug|Any CPU
		{8F9036BE-92AD-4348-B2E1-70F6A8486DA5}.Debug|Any CPU.Build.0 = Debug|Any CPU
		{8F9036BE-92AD-4348-B2E1-70F6A8486DA5}.Release|Any CPU.ActiveCfg = Release|Any CPU
		{8F9036BE-92AD-4348-B2E1-70F6A8486DA5}.Release|Any CPU.Build.0 = Release|Any CPU
	EndGlobalSection
	GlobalSection(SolutionProperties) = preSolution
		HideSolutionNode = FALSE
	EndGlobalSection
	GlobalSection(ExtensibilityGlobals) = postSolution
		SolutionGuid = {DD24BF2A-7655-41BF-91BC-FB9AAEA263D6}
	EndGlobalSection
EndGlobal
